
Microsoft Visual Studio Solution File, Format Version 12.00
# Visual Studio 2012
Project("{8BC9CEB8-8B4A-11D0-8D11-00A0C91BC942}") = "Try0101", "Try0101.vcxproj", "{799A9E2A-430F-4A56-92EA-8AB1EA3FCD91}"
EndProject
Global
	GlobalSection(SolutionConfigurationPlatforms) = preSolution
		Debug|Win32 = Debug|Win32
		Release|Win32 = Release|Win32
	EndGlobalSection
	GlobalSection(ProjectConfigurationPlatforms) = postSolution
		{799A9E2A-430F-4A56-92EA-8AB1EA3FCD91}.Debug|Win32.ActiveCfg = Debug|Win32
		{799A9E2A-430F-4A56-92EA-8AB1EA3FCD91}.Debug|Win32.Build.0 = Debug|Win32
		{799A9E2A-430F-4A56-92EA-8AB1EA3FCD91}.Release|Win32.ActiveCfg = Release|Win32
		{799A9E2A-430F-4A56-92EA-8AB1EA3FCD91}.Release|Win32.Build.0 = Release|Win32
	EndGlobalSection
	GlobalSection(SolutionProperties) = preSolution
		HideSolutionNode = FALSE
	EndGlobalSection
EndGlobal
